
Microsoft Visual Studio Solution File, Format Version 12.00
# Visual Studio Version 17
VisualStudioVersion = 17.10.35122.118
MinimumVisualStudioVersion = 10.0.40219.1
Project("{FAE04EC0-301F-11D3-BF4B-00C04F79EFBC}") = "LightningCAD_V2018", "LightningCAD_V2018\LightningCAD_V2018.csproj", "{234510EA-28D9-4417-828C-E00BC2F318BC}"
EndProject
Project("{9A19103F-16F7-4668-BE54-9A1E7A4F7556}") = "LightningCAD_V2025", "LightningCAD_V2025\LightningCAD_V2025.csproj", "{819EA5E1-904F-4B87-83FC-05D6C3F586BB}"
EndProject
Project("{FAE04EC0-301F-11D3-BF4B-00C04F79EFBC}") = "LightningCAD_Install", "LightningCAD_Install\LightningCAD_Install.csproj", "{F536B317-E3C0-4160-BB2E-EA30668DE216}"
	ProjectSection(ProjectDependencies) = postProject
		{1998BD4F-60A0-4CE6-8D31-02C7FE695B8A} = {1998BD4F-60A0-4CE6-8D31-02C7FE695B8A}
		{234510EA-28D9-4417-828C-E00BC2F318BC} = {234510EA-28D9-4417-828C-E00BC2F318BC}
		{68722D04-15B4-43AD-84BE-CEE51E864159} = {68722D04-15B4-43AD-84BE-CEE51E864159}
		{7DBD3336-F260-4487-B8DA-8385696B78B5} = {7DBD3336-F260-4487-B8DA-8385696B78B5}
		{7F878632-7E08-407A-8E1E-1DC1DF27FE16} = {7F878632-7E08-407A-8E1E-1DC1DF27FE16}
		{819EA5E1-904F-4B87-83FC-05D6C3F586BB} = {819EA5E1-904F-4B87-83FC-05D6C3F586BB}
		{8F71F8BB-839D-49F3-8E63-6564934D8C2F} = {8F71F8BB-839D-49F3-8E63-6564934D8C2F}
		{D79B5514-8D21-4124-9D5B-CE245B6FC696} = {D79B5514-8D21-4124-9D5B-CE245B6FC696}
		{E5786CC3-13BA-4142-9E0F-FF0B08C1BDE2} = {E5786CC3-13BA-4142-9E0F-FF0B08C1BDE2}
	EndProjectSection
EndProject
Project("{FAE04EC0-301F-11D3-BF4B-00C04F79EFBC}") = "LightningCAD_Uninstall", "LightningCAD_Uninstall\LightningCAD_Uninstall.csproj", "{6B736B4C-5914-4FE0-B053-111E317041A3}"
	ProjectSection(ProjectDependencies) = postProject
		{F536B317-E3C0-4160-BB2E-EA30668DE216} = {F536B317-E3C0-4160-BB2E-EA30668DE216}
	EndProjectSection
EndProject
Project("{FAE04EC0-301F-11D3-BF4B-00C04F79EFBC}") = "LightningCAD_V2020", "LightningCAD_V2020\LightningCAD_V2020.csproj", "{68722D04-15B4-43AD-84BE-CEE51E864159}"
EndProject
Project("{FAE04EC0-301F-11D3-BF4B-00C04F79EFBC}") = "LightningCAD_V2021", "LightningCAD_V2021\LightningCAD_V2021.csproj", "{E5786CC3-13BA-4142-9E0F-FF0B08C1BDE2}"
EndProject
Project("{FAE04EC0-301F-11D3-BF4B-00C04F79EFBC}") = "LightningCAD_V2022", "LightningCAD_V2022\LightningCAD_V2022.csproj", "{1998BD4F-60A0-4CE6-8D31-02C7FE695B8A}"
EndProject
Project("{FAE04EC0-301F-11D3-BF4B-00C04F79EFBC}") = "LightningCAD_V2023", "LightningCAD_V2023\LightningCAD_V2023.csproj", "{8F71F8BB-839D-49F3-8E63-6564934D8C2F}"
EndProject
Project("{FAE04EC0-301F-11D3-BF4B-00C04F79EFBC}") = "LightningCAD_V2024", "LightningCAD_V2024\LightningCAD_V2024.csproj", "{7F878632-7E08-407A-8E1E-1DC1DF27FE16}"
EndProject
Project("{FAE04EC0-301F-11D3-BF4B-00C04F79EFBC}") = "LightningCAD_V2019", "LightningCAD_V2019\LightningCAD_V2019.csproj", "{7DBD3336-F260-4487-B8DA-8385696B78B5}"
EndProject
Project("{FAE04EC0-301F-11D3-BF4B-00C04F79EFBC}") = "Build", "Build\Build.csproj", "{ECF51737-A62C-4445-B8B9-314F6B0677F5}"
	ProjectSection(ProjectDependencies) = postProject
		{1998BD4F-60A0-4CE6-8D31-02C7FE695B8A} = {1998BD4F-60A0-4CE6-8D31-02C7FE695B8A}
		{234510EA-28D9-4417-828C-E00BC2F318BC} = {234510EA-28D9-4417-828C-E00BC2F318BC}
		{68722D04-15B4-43AD-84BE-CEE51E864159} = {68722D04-15B4-43AD-84BE-CEE51E864159}
		{6B736B4C-5914-4FE0-B053-111E317041A3} = {6B736B4C-5914-4FE0-B053-111E317041A3}
		{7DBD3336-F260-4487-B8DA-8385696B78B5} = {7DBD3336-F260-4487-B8DA-8385696B78B5}
		{7F878632-7E08-407A-8E1E-1DC1DF27FE16} = {7F878632-7E08-407A-8E1E-1DC1DF27FE16}
		{819EA5E1-904F-4B87-83FC-05D6C3F586BB} = {819EA5E1-904F-4B87-83FC-05D6C3F586BB}
		{8F71F8BB-839D-49F3-8E63-6564934D8C2F} = {8F71F8BB-839D-49F3-8E63-6564934D8C2F}
		{D79B5514-8D21-4124-9D5B-CE245B6FC696} = {D79B5514-8D21-4124-9D5B-CE245B6FC696}
		{E5786CC3-13BA-4142-9E0F-FF0B08C1BDE2} = {E5786CC3-13BA-4142-9E0F-FF0B08C1BDE2}
		{F536B317-E3C0-4160-BB2E-EA30668DE216} = {F536B317-E3C0-4160-BB2E-EA30668DE216}
	EndProjectSection
EndProject
Project("{FAE04EC0-301F-11D3-BF4B-00C04F79EFBC}") = "LightningCAD_V2026", "LightningCAD_V2026\LightningCAD_V2026.csproj", "{D79B5514-8D21-4124-9D5B-CE245B6FC696}"
EndProject
Project("{FAE04EC0-301F-11D3-BF4B-00C04F79EFBC}") = "Lightning", "..\Lightning\Lightning\Lightning.csproj", "{4616756D-8FB0-4158-9A89-ACF8FB85757D}"
EndProject
Global
	GlobalSection(SolutionConfigurationPlatforms) = preSolution
		Debug|x64 = Debug|x64
		Debug|x86 = Debug|x86
		Release|x64 = Release|x64
		Release|x86 = Release|x86
	EndGlobalSection
	GlobalSection(ProjectConfigurationPlatforms) = postSolution
		{234510EA-28D9-4417-828C-E00BC2F318BC}.Debug|x64.ActiveCfg = Debug|x64
		{234510EA-28D9-4417-828C-E00BC2F318BC}.Debug|x64.Build.0 = Debug|x64
		{234510EA-28D9-4417-828C-E00BC2F318BC}.Debug|x86.ActiveCfg = Debug|x64
		{234510EA-28D9-4417-828C-E00BC2F318BC}.Debug|x86.Build.0 = Debug|x64
		{234510EA-28D9-4417-828C-E00BC2F318BC}.Release|x64.ActiveCfg = Release|x64
		{234510EA-28D9-4417-828C-E00BC2F318BC}.Release|x64.Build.0 = Release|x64
		{234510EA-28D9-4417-828C-E00BC2F318BC}.Release|x86.ActiveCfg = Release|x64
		{234510EA-28D9-4417-828C-E00BC2F318BC}.Release|x86.Build.0 = Release|x64
		{819EA5E1-904F-4B87-83FC-05D6C3F586BB}.Debug|x64.ActiveCfg = Debug|x64
		{819EA5E1-904F-4B87-83FC-05D6C3F586BB}.Debug|x64.Build.0 = Debug|x64
		{819EA5E1-904F-4B87-83FC-05D6C3F586BB}.Debug|x86.ActiveCfg = Debug|x64
		{819EA5E1-904F-4B87-83FC-05D6C3F586BB}.Debug|x86.Build.0 = Debug|x64
		{819EA5E1-904F-4B87-83FC-05D6C3F586BB}.Release|x64.ActiveCfg = Release|x64
		{819EA5E1-904F-4B87-83FC-05D6C3F586BB}.Release|x64.Build.0 = Release|x64
		{819EA5E1-904F-4B87-83FC-05D6C3F586BB}.Release|x86.ActiveCfg = Release|x64
		{819EA5E1-904F-4B87-83FC-05D6C3F586BB}.Release|x86.Build.0 = Release|x64
		{F536B317-E3C0-4160-BB2E-EA30668DE216}.Debug|x64.ActiveCfg = Debug|x64
		{F536B317-E3C0-4160-BB2E-EA30668DE216}.Debug|x64.Build.0 = Debug|x64
		{F536B317-E3C0-4160-BB2E-EA30668DE216}.Debug|x86.ActiveCfg = Debug|x64
		{F536B317-E3C0-4160-BB2E-EA30668DE216}.Debug|x86.Build.0 = Debug|x64
		{F536B317-E3C0-4160-BB2E-EA30668DE216}.Release|x64.ActiveCfg = Release|x64
		{F536B317-E3C0-4160-BB2E-EA30668DE216}.Release|x64.Build.0 = Release|x64
		{F536B317-E3C0-4160-BB2E-EA30668DE216}.Release|x86.ActiveCfg = Release|x64
		{F536B317-E3C0-4160-BB2E-EA30668DE216}.Release|x86.Build.0 = Release|x64
		{6B736B4C-5914-4FE0-B053-111E317041A3}.Debug|x64.ActiveCfg = Debug|x64
		{6B736B4C-5914-4FE0-B053-111E317041A3}.Debug|x64.Build.0 = Debug|x64
		{6B736B4C-5914-4FE0-B053-111E317041A3}.Debug|x86.ActiveCfg = Debug|x64
		{6B736B4C-5914-4FE0-B053-111E317041A3}.Debug|x86.Build.0 = Debug|x64
		{6B736B4C-5914-4FE0-B053-111E317041A3}.Release|x64.ActiveCfg = Release|x64
		{6B736B4C-5914-4FE0-B053-111E317041A3}.Release|x64.Build.0 = Release|x64
		{6B736B4C-5914-4FE0-B053-111E317041A3}.Release|x86.ActiveCfg = Release|x64
		{6B736B4C-5914-4FE0-B053-111E317041A3}.Release|x86.Build.0 = Release|x64
		{68722D04-15B4-43AD-84BE-CEE51E864159}.Debug|x64.ActiveCfg = Debug|x64
		{68722D04-15B4-43AD-84BE-CEE51E864159}.Debug|x64.Build.0 = Debug|x64
		{68722D04-15B4-43AD-84BE-CEE51E864159}.Debug|x86.ActiveCfg = Debug|x64
		{68722D04-15B4-43AD-84BE-CEE51E864159}.Debug|x86.Build.0 = Debug|x64
		{68722D04-15B4-43AD-84BE-CEE51E864159}.Release|x64.ActiveCfg = Release|x64
		{68722D04-15B4-43AD-84BE-CEE51E864159}.Release|x64.Build.0 = Release|x64
		{68722D04-15B4-43AD-84BE-CEE51E864159}.Release|x86.ActiveCfg = Release|x64
		{68722D04-15B4-43AD-84BE-CEE51E864159}.Release|x86.Build.0 = Release|x64
		{E5786CC3-13BA-4142-9E0F-FF0B08C1BDE2}.Debug|x64.ActiveCfg = Debug|x64
		{E5786CC3-13BA-4142-9E0F-FF0B08C1BDE2}.Debug|x64.Build.0 = Debug|x64
		{E5786CC3-13BA-4142-9E0F-FF0B08C1BDE2}.Debug|x86.ActiveCfg = Debug|x64
		{E5786CC3-13BA-4142-9E0F-FF0B08C1BDE2}.Debug|x86.Build.0 = Debug|x64
		{E5786CC3-13BA-4142-9E0F-FF0B08C1BDE2}.Release|x64.ActiveCfg = Release|x64
		{E5786CC3-13BA-4142-9E0F-FF0B08C1BDE2}.Release|x64.Build.0 = Release|x64
		{E5786CC3-13BA-4142-9E0F-FF0B08C1BDE2}.Release|x86.ActiveCfg = Release|x64
		{E5786CC3-13BA-4142-9E0F-FF0B08C1BDE2}.Release|x86.Build.0 = Release|x64
		{1998BD4F-60A0-4CE6-8D31-02C7FE695B8A}.Debug|x64.ActiveCfg = Debug|x64
		{1998BD4F-60A0-4CE6-8D31-02C7FE695B8A}.Debug|x64.Build.0 = Debug|x64
		{1998BD4F-60A0-4CE6-8D31-02C7FE695B8A}.Debug|x86.ActiveCfg = Debug|x64
		{1998BD4F-60A0-4CE6-8D31-02C7FE695B8A}.Debug|x86.Build.0 = Debug|x64
		{1998BD4F-60A0-4CE6-8D31-02C7FE695B8A}.Release|x64.ActiveCfg = Release|x64
		{1998BD4F-60A0-4CE6-8D31-02C7FE695B8A}.Release|x64.Build.0 = Release|x64
		{1998BD4F-60A0-4CE6-8D31-02C7FE695B8A}.Release|x86.ActiveCfg = Release|x64
		{1998BD4F-60A0-4CE6-8D31-02C7FE695B8A}.Release|x86.Build.0 = Release|x64
		{8F71F8BB-839D-49F3-8E63-6564934D8C2F}.Debug|x64.ActiveCfg = Debug|x64
		{8F71F8BB-839D-49F3-8E63-6564934D8C2F}.Debug|x64.Build.0 = Debug|x64
		{8F71F8BB-839D-49F3-8E63-6564934D8C2F}.Debug|x86.ActiveCfg = Debug|x64
		{8F71F8BB-839D-49F3-8E63-6564934D8C2F}.Debug|x86.Build.0 = Debug|x64
		{8F71F8BB-839D-49F3-8E63-6564934D8C2F}.Release|x64.ActiveCfg = Release|x64
		{8F71F8BB-839D-49F3-8E63-6564934D8C2F}.Release|x64.Build.0 = Release|x64
		{8F71F8BB-839D-49F3-8E63-6564934D8C2F}.Release|x86.ActiveCfg = Release|x64
		{8F71F8BB-839D-49F3-8E63-6564934D8C2F}.Release|x86.Build.0 = Release|x64
		{7F878632-7E08-407A-8E1E-1DC1DF27FE16}.Debug|x64.ActiveCfg = Debug|x64
		{7F878632-7E08-407A-8E1E-1DC1DF27FE16}.Debug|x64.Build.0 = Debug|x64
		{7F878632-7E08-407A-8E1E-1DC1DF27FE16}.Debug|x86.ActiveCfg = Debug|x64
		{7F878632-7E08-407A-8E1E-1DC1DF27FE16}.Debug|x86.Build.0 = Debug|x64
		{7F878632-7E08-407A-8E1E-1DC1DF27FE16}.Release|x64.ActiveCfg = Release|x64
		{7F878632-7E08-407A-8E1E-1DC1DF27FE16}.Release|x64.Build.0 = Release|x64
		{7F878632-7E08-407A-8E1E-1DC1DF27FE16}.Release|x86.ActiveCfg = Release|x64
		{7F878632-7E08-407A-8E1E-1DC1DF27FE16}.Release|x86.Build.0 = Release|x64
		{7DBD3336-F260-4487-B8DA-8385696B78B5}.Debug|x64.ActiveCfg = Debug|x64
		{7DBD3336-F260-4487-B8DA-8385696B78B5}.Debug|x64.Build.0 = Debug|x64
		{7DBD3336-F260-4487-B8DA-8385696B78B5}.Debug|x86.ActiveCfg = Debug|x64
		{7DBD3336-F260-4487-B8DA-8385696B78B5}.Debug|x86.Build.0 = Debug|x64
		{7DBD3336-F260-4487-B8DA-8385696B78B5}.Release|x64.ActiveCfg = Release|x64
		{7DBD3336-F260-4487-B8DA-8385696B78B5}.Release|x64.Build.0 = Release|x64
		{7DBD3336-F260-4487-B8DA-8385696B78B5}.Release|x86.ActiveCfg = Release|x64
		{7DBD3336-F260-4487-B8DA-8385696B78B5}.Release|x86.Build.0 = Release|x64
		{ECF51737-A62C-4445-B8B9-314F6B0677F5}.Debug|x64.ActiveCfg = Debug|x64
		{ECF51737-A62C-4445-B8B9-314F6B0677F5}.Debug|x64.Build.0 = Debug|x64
		{ECF51737-A62C-4445-B8B9-314F6B0677F5}.Debug|x86.ActiveCfg = Debug|x64
		{ECF51737-A62C-4445-B8B9-314F6B0677F5}.Release|x64.ActiveCfg = Release|x64
		{ECF51737-A62C-4445-B8B9-314F6B0677F5}.Release|x64.Build.0 = Release|x64
		{ECF51737-A62C-4445-B8B9-314F6B0677F5}.Release|x86.ActiveCfg = Release|x64
		{D79B5514-8D21-4124-9D5B-CE245B6FC696}.Debug|x64.ActiveCfg = Debug|x64
		{D79B5514-8D21-4124-9D5B-CE245B6FC696}.Debug|x64.Build.0 = Debug|x64
		{D79B5514-8D21-4124-9D5B-CE245B6FC696}.Debug|x86.ActiveCfg = Debug|x64
		{D79B5514-8D21-4124-9D5B-CE245B6FC696}.Release|x64.ActiveCfg = Release|x64
		{D79B5514-8D21-4124-9D5B-CE245B6FC696}.Release|x64.Build.0 = Release|x64
		{D79B5514-8D21-4124-9D5B-CE245B6FC696}.Release|x86.ActiveCfg = Release|x64
		{4616756D-8FB0-4158-9A89-ACF8FB85757D}.Debug|x64.ActiveCfg = Debug|x64
		{4616756D-8FB0-4158-9A89-ACF8FB85757D}.Debug|x64.Build.0 = Debug|x64
		{4616756D-8FB0-4158-9A89-ACF8FB85757D}.Debug|x86.ActiveCfg = Debug|x64
		{4616756D-8FB0-4158-9A89-ACF8FB85757D}.Debug|x86.Build.0 = Debug|x64
		{4616756D-8FB0-4158-9A89-ACF8FB85757D}.Release|x64.ActiveCfg = Release|x64
		{4616756D-8FB0-4158-9A89-ACF8FB85757D}.Release|x64.Build.0 = Release|x64
		{4616756D-8FB0-4158-9A89-ACF8FB85757D}.Release|x86.ActiveCfg = Release|x64
		{4616756D-8FB0-4158-9A89-ACF8FB85757D}.Release|x86.Build.0 = Release|x64
	EndGlobalSection
	GlobalSection(SolutionProperties) = preSolution
		HideSolutionNode = FALSE
	EndGlobalSection
	GlobalSection(ExtensibilityGlobals) = postSolution
		SolutionGuid = {BEBE959D-4003-43A0-8906-1F37544D6670}
	EndGlobalSection
EndGlobal
